
Microsoft Visual Studio Solution File, Format Version 12.00
# Visual Studio Version 16
VisualStudioVersion = 16.0.29403.142
MinimumVisualStudioVersion = 10.0.40219.1
Project("{FAE04EC0-301F-11D3-BF4B-00C04F79EFBC}") = "oop-lab8", "oop-lab8\oop-lab8.csproj", "{283A772B-AE16-47F4-BBA2-A15C2EBA00B5}"
EndProject
Global
	GlobalSection(SolutionConfigurationPlatforms) = preSolution
		Debug|Any CPU = Debug|Any CPU
		Release|Any CPU = Release|Any CPU
	EndGlobalSection
	GlobalSection(ProjectConfigurationPlatforms) = postSolution
		{283A772B-AE16-47F4-BBA2-A15C2EBA00B5}.Debug|Any CPU.ActiveCfg = Debug|Any CPU
		{283A772B-AE16-47F4-BBA2-A15C2EBA00B5}.Debug|Any CPU.Build.0 = Debug|Any CPU
		{283A772B-AE16-47F4-BBA2-A15C2EBA00B5}.Release|Any CPU.ActiveCfg = Release|Any CPU
		{283A772B-AE16-47F4-BBA2-A15C2EBA00B5}.Release|Any CPU.Build.0 = Release|Any CPU
	EndGlobalSection
	GlobalSection(SolutionProperties) = preSolution
		HideSolutionNode = FALSE
	EndGlobalSection
	GlobalSection(ExtensibilityGlobals) = postSolution
		SolutionGuid = {55DD8F85-B1DA-4DEB-A21B-F59C18516352}
	EndGlobalSection
EndGlobal
